
Microsoft Visual Studio Solution File, Format Version 12.00
# Visual Studio 15
VisualStudioVersion = 15.0.28307.421
MinimumVisualStudioVersion = 10.0.40219.1
Project("{FAE04EC0-301F-11D3-BF4B-00C04F79EFBC}") = "Proyecto3", "Proyecto3\Proyecto3.csproj", "{3838B184-4D45-475A-B20E-01DCD89027F3}"
EndProject
Global
	GlobalSection(SolutionConfigurationPlatforms) = preSolution
		Debug|Any CPU = Debug|Any CPU
		Release|Any CPU = Release|Any CPU
	EndGlobalSection
	GlobalSection(ProjectConfigurationPlatforms) = postSolution
		{3838B184-4D45-475A-B20E-01DCD89027F3}.Debug|Any CPU.ActiveCfg = Debug|Any CPU
		{3838B184-4D45-475A-B20E-01DCD89027F3}.Debug|Any CPU.Build.0 = Debug|Any CPU
		{3838B184-4D45-475A-B20E-01DCD89027F3}.Release|Any CPU.ActiveCfg = Release|Any CPU
		{3838B184-4D45-475A-B20E-01DCD89027F3}.Release|Any CPU.Build.0 = Release|Any CPU
	EndGlobalSection
	GlobalSection(SolutionProperties) = preSolution
		HideSolutionNode = FALSE
	EndGlobalSection
	GlobalSection(ExtensibilityGlobals) = postSolution
		SolutionGuid = {CFBC78E1-0034-4309-AB5E-46662B12B7E0}
	EndGlobalSection
EndGlobal
